
Microsoft Visual Studio Solution File, Format Version 12.00
# Visual Studio Version 17
VisualStudioVersion = 17.9.34728.123
MinimumVisualStudioVersion = 10.0.40219.1
Project("{FAE04EC0-301F-11D3-BF4B-00C04F79EFBC}") = "BirdsCommon", "BirdsCommon\BirdsCommon.csproj", "{BE0854B8-9978-485F-B616-649367896A97}"
EndProject
Project("{FAE04EC0-301F-11D3-BF4B-00C04F79EFBC}") = "BirdsWPF", "BirdsWPF\BirdsWPF.csproj", "{44AA017E-96EA-496B-90CD-49AF0945CEE8}"
EndProject
Project("{FAE04EC0-301F-11D3-BF4B-00C04F79EFBC}") = "BirdsCommonStandard", "BirdsCommonStandard\BirdsCommonStandard.csproj", "{08CEAFAB-9875-4A77-94D5-43613A97FA08}"
EndProject
Project("{FAE04EC0-301F-11D3-BF4B-00C04F79EFBC}") = "BirdsRepositoryStandard", "BirdsRepositoryStandard\BirdsRepositoryStandard.csproj", "{FA922B21-B66F-4C28-A825-27295321D582}"
EndProject
Project("{FAE04EC0-301F-11D3-BF4B-00C04F79EFBC}") = "BirdsViewModelsStandard", "BirdsViewModelsStandard\BirdsViewModelsStandard.csproj", "{A50DAD75-AA57-4963-9F03-24E6F3AE10D3}"
EndProject
Global
	GlobalSection(SolutionConfigurationPlatforms) = preSolution
		Debug|Any CPU = Debug|Any CPU
		Release|Any CPU = Release|Any CPU
	EndGlobalSection
	GlobalSection(ProjectConfigurationPlatforms) = postSolution
		{BE0854B8-9978-485F-B616-649367896A97}.Debug|Any CPU.ActiveCfg = Debug|Any CPU
		{BE0854B8-9978-485F-B616-649367896A97}.Debug|Any CPU.Build.0 = Debug|Any CPU
		{BE0854B8-9978-485F-B616-649367896A97}.Release|Any CPU.ActiveCfg = Release|Any CPU
		{BE0854B8-9978-485F-B616-649367896A97}.Release|Any CPU.Build.0 = Release|Any CPU
		{44AA017E-96EA-496B-90CD-49AF0945CEE8}.Debug|Any CPU.ActiveCfg = Debug|Any CPU
		{44AA017E-96EA-496B-90CD-49AF0945CEE8}.Debug|Any CPU.Build.0 = Debug|Any CPU
		{44AA017E-96EA-496B-90CD-49AF0945CEE8}.Release|Any CPU.ActiveCfg = Release|Any CPU
		{44AA017E-96EA-496B-90CD-49AF0945CEE8}.Release|Any CPU.Build.0 = Release|Any CPU
		{08CEAFAB-9875-4A77-94D5-43613A97FA08}.Debug|Any CPU.ActiveCfg = Debug|Any CPU
		{08CEAFAB-9875-4A77-94D5-43613A97FA08}.Debug|Any CPU.Build.0 = Debug|Any CPU
		{08CEAFAB-9875-4A77-94D5-43613A97FA08}.Release|Any CPU.ActiveCfg = Release|Any CPU
		{08CEAFAB-9875-4A77-94D5-43613A97FA08}.Release|Any CPU.Build.0 = Release|Any CPU
		{FA922B21-B66F-4C28-A825-27295321D582}.Debug|Any CPU.ActiveCfg = Debug|Any CPU
		{FA922B21-B66F-4C28-A825-27295321D582}.Debug|Any CPU.Build.0 = Debug|Any CPU
		{FA922B21-B66F-4C28-A825-27295321D582}.Release|Any CPU.ActiveCfg = Release|Any CPU
		{FA922B21-B66F-4C28-A825-27295321D582}.Release|Any CPU.Build.0 = Release|Any CPU
		{A50DAD75-AA57-4963-9F03-24E6F3AE10D3}.Debug|Any CPU.ActiveCfg = Debug|Any CPU
		{A50DAD75-AA57-4963-9F03-24E6F3AE10D3}.Debug|Any CPU.Build.0 = Debug|Any CPU
		{A50DAD75-AA57-4963-9F03-24E6F3AE10D3}.Release|Any CPU.ActiveCfg = Release|Any CPU
		{A50DAD75-AA57-4963-9F03-24E6F3AE10D3}.Release|Any CPU.Build.0 = Release|Any CPU
	EndGlobalSection
	GlobalSection(SolutionProperties) = preSolution
		HideSolutionNode = FALSE
	EndGlobalSection
	GlobalSection(ExtensibilityGlobals) = postSolution
		SolutionGuid = {7F970A6D-EAAE-41C1-AF4B-6EA76BB7BD71}
	EndGlobalSection
EndGlobal
